
Microsoft Visual Studio Solution File, Format Version 12.00
# Visual Studio Version 16
VisualStudioVersion = 16.0.31105.61
MinimumVisualStudioVersion = 10.0.40219.1
Project("{FAE04EC0-301F-11D3-BF4B-00C04F79EFBC}") = "ProgrammeFrameCLI", "ProgrammeFrameCLI.csproj", "{168EBE75-68FD-448B-B964-957B33449373}"
EndProject
Global
	GlobalSection(SolutionConfigurationPlatforms) = preSolution
		Debug|Any CPU = Debug|Any CPU
		Release|Any CPU = Release|Any CPU
	EndGlobalSection
	GlobalSection(ProjectConfigurationPlatforms) = postSolution
		{168EBE75-68FD-448B-B964-957B33449373}.Debug|Any CPU.ActiveCfg = Debug|Any CPU
		{168EBE75-68FD-448B-B964-957B33449373}.Debug|Any CPU.Build.0 = Debug|Any CPU
		{168EBE75-68FD-448B-B964-957B33449373}.Release|Any CPU.ActiveCfg = Release|Any CPU
		{168EBE75-68FD-448B-B964-957B33449373}.Release|Any CPU.Build.0 = Release|Any CPU
	EndGlobalSection
	GlobalSection(SolutionProperties) = preSolution
		HideSolutionNode = FALSE
	EndGlobalSection
	GlobalSection(ExtensibilityGlobals) = postSolution
		SolutionGuid = {E0236F08-0FBB-4CD1-8A05-945257A58DF6}
	EndGlobalSection
EndGlobal
